
Microsoft Visual Studio Solution File, Format Version 12.00
# Visual Studio 15
VisualStudioVersion = 15.0.28010.2003
MinimumVisualStudioVersion = 10.0.40219.1
Project("{FAE04EC0-301F-11D3-BF4B-00C04F79EFBC}") = "UIStegoMen", "UIStegoMen\UIStegoMen.csproj", "{07001CCC-2DB7-46AD-9C09-9C72781ED991}"
EndProject
Global
	GlobalSection(SolutionConfigurationPlatforms) = preSolution
		Debug|Any CPU = Debug|Any CPU
		Release|Any CPU = Release|Any CPU
	EndGlobalSection
	GlobalSection(ProjectConfigurationPlatforms) = postSolution
		{07001CCC-2DB7-46AD-9C09-9C72781ED991}.Debug|Any CPU.ActiveCfg = Debug|Any CPU
		{07001CCC-2DB7-46AD-9C09-9C72781ED991}.Debug|Any CPU.Build.0 = Debug|Any CPU
		{07001CCC-2DB7-46AD-9C09-9C72781ED991}.Release|Any CPU.ActiveCfg = Release|Any CPU
		{07001CCC-2DB7-46AD-9C09-9C72781ED991}.Release|Any CPU.Build.0 = Release|Any CPU
	EndGlobalSection
	GlobalSection(SolutionProperties) = preSolution
		HideSolutionNode = FALSE
	EndGlobalSection
	GlobalSection(ExtensibilityGlobals) = postSolution
		SolutionGuid = {B691B4AE-98E5-4B49-9AA0-7EE00CEDA3C8}
	EndGlobalSection
EndGlobal
